PODS:
  - flutter_wgpu_texture (0.0.1):
    - FlutterMacOS
  - FlutterMacOS (1.0.0)

DEPENDENCIES:
  - flutter_wgpu_texture (from `Flutter/ephemeral/.symlinks/plugins/flutter_wgpu_texture/macos`)
  - FlutterMacOS (from `Flutter/ephemeral`)

EXTERNAL SOURCES:
  flutter_wgpu_texture:
    :path: Flutter/ephemeral/.symlinks/plugins/flutter_wgpu_texture/macos
  FlutterMacOS:
    :path: Flutter/ephemeral

SPEC CHECKSUMS:
  flutter_wgpu_texture: 6cdb0b8f111d3ddc398c6f9c64453fa6552abfdc
  FlutterMacOS: d0db08ddef1a9af05a5ec4b724367152bb0500b1

PODFILE CHECKSUM: 54d867c82ac51cbd61b565781b9fada492027009

COCOAPODS: 1.16.2
